
Microsoft Visual Studio Solution File, Format Version 12.00
# Visual Studio Version 17
VisualStudioVersion = 17.7.34024.191
MinimumVisualStudioVersion = 10.0.40219.1
Project("{9A19103F-16F7-4668-BE54-9A1E7A4F7556}") = "FormulaOneConnect.Shared", "FormulaOneConnect.Shared\FormulaOneConnect.Shared.csproj", "{689993B0-A5F6-4148-A016-5E0478EB8366}"
EndProject
Project("{9A19103F-16F7-4668-BE54-9A1E7A4F7556}") = "FormulaOneConnect.Client", "FormulaOneConnect.Client\FormulaOneConnect.Client.csproj", "{7D25D565-ECD8-448D-8789-8FCCA6094F5D}"
EndProject
Global
	GlobalSection(SolutionConfigurationPlatforms) = preSolution
		Debug|Any CPU = Debug|Any CPU
		Release|Any CPU = Release|Any CPU
	EndGlobalSection
	GlobalSection(ProjectConfigurationPlatforms) = postSolution
		{689993B0-A5F6-4148-A016-5E0478EB8366}.Debug|Any CPU.ActiveCfg = Debug|Any CPU
		{689993B0-A5F6-4148-A016-5E0478EB8366}.Debug|Any CPU.Build.0 = Debug|Any CPU
		{689993B0-A5F6-4148-A016-5E0478EB8366}.Release|Any CPU.ActiveCfg = Release|Any CPU
		{689993B0-A5F6-4148-A016-5E0478EB8366}.Release|Any CPU.Build.0 = Release|Any CPU
		{7D25D565-ECD8-448D-8789-8FCCA6094F5D}.Debug|Any CPU.ActiveCfg = Debug|Any CPU
		{7D25D565-ECD8-448D-8789-8FCCA6094F5D}.Debug|Any CPU.Build.0 = Debug|Any CPU
		{7D25D565-ECD8-448D-8789-8FCCA6094F5D}.Release|Any CPU.ActiveCfg = Release|Any CPU
		{7D25D565-ECD8-448D-8789-8FCCA6094F5D}.Release|Any CPU.Build.0 = Release|Any CPU
	EndGlobalSection
	GlobalSection(SolutionProperties) = preSolution
		HideSolutionNode = FALSE
	EndGlobalSection
	GlobalSection(ExtensibilityGlobals) = postSolution
		SolutionGuid = {D08DF725-22BD-4DCC-A4E3-D27EC4A12D92}
	EndGlobalSection
EndGlobal
